
Microsoft Visual Studio Solution File, Format Version 12.00
# Visual Studio Version 17
VisualStudioVersion = 17.10.34928.147
MinimumVisualStudioVersion = 10.0.40219.1
Project("{FAE04EC0-301F-11D3-BF4B-00C04F79EFBC}") = "GeriSayimOrnek", "GeriSayimOrnek\GeriSayimOrnek.csproj", "{B9C7B571-AD5C-439C-922D-D04FE9EB52AC}"
EndProject
Global
	GlobalSection(SolutionConfigurationPlatforms) = preSolution
		Debug|Any CPU = Debug|Any CPU
		Release|Any CPU = Release|Any CPU
	EndGlobalSection
	GlobalSection(ProjectConfigurationPlatforms) = postSolution
		{B9C7B571-AD5C-439C-922D-D04FE9EB52AC}.Debug|Any CPU.ActiveCfg = Debug|Any CPU
		{B9C7B571-AD5C-439C-922D-D04FE9EB52AC}.Debug|Any CPU.Build.0 = Debug|Any CPU
		{B9C7B571-AD5C-439C-922D-D04FE9EB52AC}.Release|Any CPU.ActiveCfg = Release|Any CPU
		{B9C7B571-AD5C-439C-922D-D04FE9EB52AC}.Release|Any CPU.Build.0 = Release|Any CPU
	EndGlobalSection
	GlobalSection(SolutionProperties) = preSolution
		HideSolutionNode = FALSE
	EndGlobalSection
	GlobalSection(ExtensibilityGlobals) = postSolution
		SolutionGuid = {C1D382B1-A43E-41CC-86E7-F3BF9C2B7480}
	EndGlobalSection
EndGlobal
