
Microsoft Visual Studio Solution File, Format Version 12.00
# Visual Studio Version 17
VisualStudioVersion = 17.9.34714.143
MinimumVisualStudioVersion = 10.0.40219.1
Project("{FAE04EC0-301F-11D3-BF4B-00C04F79EFBC}") = "Lokanta", "Lokanta\Lokanta.csproj", "{FAB3D0BD-7A84-4FED-B51A-CFC618CD46A1}"
EndProject
Global
	GlobalSection(SolutionConfigurationPlatforms) = preSolution
		Debug|Any CPU = Debug|Any CPU
		Release|Any CPU = Release|Any CPU
	EndGlobalSection
	GlobalSection(ProjectConfigurationPlatforms) = postSolution
		{FAB3D0BD-7A84-4FED-B51A-CFC618CD46A1}.Debug|Any CPU.ActiveCfg = Debug|Any CPU
		{FAB3D0BD-7A84-4FED-B51A-CFC618CD46A1}.Debug|Any CPU.Build.0 = Debug|Any CPU
		{FAB3D0BD-7A84-4FED-B51A-CFC618CD46A1}.Release|Any CPU.ActiveCfg = Release|Any CPU
		{FAB3D0BD-7A84-4FED-B51A-CFC618CD46A1}.Release|Any CPU.Build.0 = Release|Any CPU
	EndGlobalSection
	GlobalSection(SolutionProperties) = preSolution
		HideSolutionNode = FALSE
	EndGlobalSection
	GlobalSection(ExtensibilityGlobals) = postSolution
		SolutionGuid = {6C4C548B-4908-48FC-B40F-F4D60CB4E9F7}
	EndGlobalSection
EndGlobal
