
Microsoft Visual Studio Solution File, Format Version 12.00
# Visual Studio Version 17
VisualStudioVersion = 17.10.34928.147
MinimumVisualStudioVersion = 10.0.40219.1
Project("{FAE04EC0-301F-11D3-BF4B-00C04F79EFBC}") = "uygulama", "uygulama\uygulama.csproj", "{A59118A9-7397-4940-B301-12A616EF56FE}"
EndProject
Global
	GlobalSection(SolutionConfigurationPlatforms) = preSolution
		Debug|Any CPU = Debug|Any CPU
		Release|Any CPU = Release|Any CPU
	EndGlobalSection
	GlobalSection(ProjectConfigurationPlatforms) = postSolution
		{A59118A9-7397-4940-B301-12A616EF56FE}.Debug|Any CPU.ActiveCfg = Debug|Any CPU
		{A59118A9-7397-4940-B301-12A616EF56FE}.Debug|Any CPU.Build.0 = Debug|Any CPU
		{A59118A9-7397-4940-B301-12A616EF56FE}.Release|Any CPU.ActiveCfg = Release|Any CPU
		{A59118A9-7397-4940-B301-12A616EF56FE}.Release|Any CPU.Build.0 = Release|Any CPU
	EndGlobalSection
	GlobalSection(SolutionProperties) = preSolution
		HideSolutionNode = FALSE
	EndGlobalSection
	GlobalSection(ExtensibilityGlobals) = postSolution
		SolutionGuid = {2C7E04A2-6D10-4030-B8FF-D165620C638D}
	EndGlobalSection
EndGlobal
